
Microsoft Visual Studio Solution File, Format Version 12.00
# Visual Studio Version 17
VisualStudioVersion = 17.1.32210.238
MinimumVisualStudioVersion = 10.0.40219.1
Project("{FAE04EC0-301F-11D3-BF4B-00C04F79EFBC}") = "QuanLyPhongTroLinQ", "QuanLyPhongTroLinQ.csproj", "{EF91C62C-03A3-43F6-8092-9283C1E2913C}"
EndProject
Global
	GlobalSection(SolutionConfigurationPlatforms) = preSolution
		Debug|Any CPU = Debug|Any CPU
		Release|Any CPU = Release|Any CPU
	EndGlobalSection
	GlobalSection(ProjectConfigurationPlatforms) = postSolution
		{EF91C62C-03A3-43F6-8092-9283C1E2913C}.Debug|Any CPU.ActiveCfg = Debug|Any CPU
		{EF91C62C-03A3-43F6-8092-9283C1E2913C}.Debug|Any CPU.Build.0 = Debug|Any CPU
		{EF91C62C-03A3-43F6-8092-9283C1E2913C}.Release|Any CPU.ActiveCfg = Release|Any CPU
		{EF91C62C-03A3-43F6-8092-9283C1E2913C}.Release|Any CPU.Build.0 = Release|Any CPU
	EndGlobalSection
	GlobalSection(SolutionProperties) = preSolution
		HideSolutionNode = FALSE
	EndGlobalSection
	GlobalSection(ExtensibilityGlobals) = postSolution
		SolutionGuid = {4682D126-84B9-4870-ACC2-312C8CAB0668}
	EndGlobalSection
EndGlobal
